
Microsoft Visual Studio Solution File, Format Version 12.00
# Visual Studio Version 16
VisualStudioVersion = 16.0.31702.278
MinimumVisualStudioVersion = 10.0.40219.1
Project("{FAE04EC0-301F-11D3-BF4B-00C04F79EFBC}") = "WindowsFormsApp1", "WindowsFormsApp1\WindowsFormsApp1.csproj", "{67D56396-33C3-4F6F-A979-3D558C162274}"
EndProject
Global
	GlobalSection(SolutionConfigurationPlatforms) = preSolution
		Debug|Any CPU = Debug|Any CPU
		Release|Any CPU = Release|Any CPU
	EndGlobalSection
	GlobalSection(ProjectConfigurationPlatforms) = postSolution
		{67D56396-33C3-4F6F-A979-3D558C162274}.Debug|Any CPU.ActiveCfg = Debug|Any CPU
		{67D56396-33C3-4F6F-A979-3D558C162274}.Debug|Any CPU.Build.0 = Debug|Any CPU
		{67D56396-33C3-4F6F-A979-3D558C162274}.Release|Any CPU.ActiveCfg = Release|Any CPU
		{67D56396-33C3-4F6F-A979-3D558C162274}.Release|Any CPU.Build.0 = Release|Any CPU
	EndGlobalSection
	GlobalSection(SolutionProperties) = preSolution
		HideSolutionNode = FALSE
	EndGlobalSection
	GlobalSection(ExtensibilityGlobals) = postSolution
		SolutionGuid = {996872B2-FD4D-423B-9AF3-6C8C37EE354B}
	EndGlobalSection
EndGlobal
